
Microsoft Visual Studio Solution File, Format Version 12.00
# Visual Studio 15
VisualStudioVersion = 15.0.28307.705
MinimumVisualStudioVersion = 10.0.40219.1
Project("{FAE04EC0-301F-11D3-BF4B-00C04F79EFBC}") = "Netease.Live.Demo", "Netease.Live.Demo\Netease.Live.Demo.csproj", "{B4712F87-C967-492B-A6CF-FA739DF8E2DD}"
EndProject
Project("{FAE04EC0-301F-11D3-BF4B-00C04F79EFBC}") = "Netease.Live.InteropServices", "Netease.Live.InteropServices\Netease.Live.InteropServices.csproj", "{DA21BC00-DF1A-4394-8995-FC10516B97D6}"
EndProject
Global
	GlobalSection(SolutionConfigurationPlatforms) = preSolution
		Debug|Any CPU = Debug|Any CPU
		Release|Any CPU = Release|Any CPU
	EndGlobalSection
	GlobalSection(ProjectConfigurationPlatforms) = postSolution
		{B4712F87-C967-492B-A6CF-FA739DF8E2DD}.Debug|Any CPU.ActiveCfg = Debug|Any CPU
		{B4712F87-C967-492B-A6CF-FA739DF8E2DD}.Debug|Any CPU.Build.0 = Debug|Any CPU
		{B4712F87-C967-492B-A6CF-FA739DF8E2DD}.Release|Any CPU.ActiveCfg = Release|Any CPU
		{B4712F87-C967-492B-A6CF-FA739DF8E2DD}.Release|Any CPU.Build.0 = Release|Any CPU
		{DA21BC00-DF1A-4394-8995-FC10516B97D6}.Debug|Any CPU.ActiveCfg = Debug|Any CPU
		{DA21BC00-DF1A-4394-8995-FC10516B97D6}.Debug|Any CPU.Build.0 = Debug|Any CPU
		{DA21BC00-DF1A-4394-8995-FC10516B97D6}.Release|Any CPU.ActiveCfg = Release|Any CPU
		{DA21BC00-DF1A-4394-8995-FC10516B97D6}.Release|Any CPU.Build.0 = Release|Any CPU
	EndGlobalSection
	GlobalSection(SolutionProperties) = preSolution
		HideSolutionNode = FALSE
	EndGlobalSection
	GlobalSection(ExtensibilityGlobals) = postSolution
		SolutionGuid = {4F2F17EC-AFAD-4FE7-98ED-648103D2B0DD}
	EndGlobalSection
EndGlobal
